
Microsoft Visual Studio Solution File, Format Version 12.00
# Visual Studio Version 16
VisualStudioVersion = 16.0.30011.22
MinimumVisualStudioVersion = 10.0.40219.1
Project("{8BC9CEB8-8B4A-11D0-8D11-00A0C91BC942}") = "PP_2_Lab_11_Ins_9_zad1", "PP_2_Lab_11_Ins_9.vcxproj", "{F9B1E13E-8950-4F75-AC2A-AA7BEF15FC7A}"
EndProject
Project("{2150E333-8FDC-42A3-9474-1A3956D46DE8}") = "Solution Items", "Solution Items", "{28FB7A21-ACDE-4800-9807-EE4FCB178622}"
	ProjectSection(SolutionItems) = preProject
		funkcje.c = funkcje.c
		funkcje.h = funkcje.h
		struktury.h = struktury.h
	EndProjectSection
EndProject
Project("{8BC9CEB8-8B4A-11D0-8D11-00A0C91BC942}") = "PP_2_Lab_11_Ins_9_zad2", "PP_2_Lab_11_Ins_9_zad2\PP_2_Lab_11_Ins_9_zad2.vcxproj", "{FCE92C9A-8F2F-436C-8249-3D6495CF771D}"
EndProject
Project("{8BC9CEB8-8B4A-11D0-8D11-00A0C91BC942}") = "PP_2_Lab_11_Ins_9_zad3", "PP_2_Lab_11_Ins_9_zad3\PP_2_Lab_11_Ins_9_zad3.vcxproj", "{6B4C8C9E-D357-42CE-B83E-825BB0DA51CD}"
EndProject
Project("{8BC9CEB8-8B4A-11D0-8D11-00A0C91BC942}") = "PP_2_Lab_11_Ins_9_zad4", "PP_2_Lab_11_Ins_9_zad4\PP_2_Lab_11_Ins_9_zad4.vcxproj", "{4C385AF8-DE06-4F08-92C3-7788451C9C62}"
EndProject
Global
	GlobalSection(SolutionConfigurationPlatforms) = preSolution
		Debug|x64 = Debug|x64
		Debug|x86 = Debug|x86
		Release|x64 = Release|x64
		Release|x86 = Release|x86
	EndGlobalSection
	GlobalSection(ProjectConfigurationPlatforms) = postSolution
		{F9B1E13E-8950-4F75-AC2A-AA7BEF15FC7A}.Debug|x64.ActiveCfg = Debug|x64
		{F9B1E13E-8950-4F75-AC2A-AA7BEF15FC7A}.Debug|x64.Build.0 = Debug|x64
		{F9B1E13E-8950-4F75-AC2A-AA7BEF15FC7A}.Debug|x86.ActiveCfg = Debug|Win32
		{F9B1E13E-8950-4F75-AC2A-AA7BEF15FC7A}.Debug|x86.Build.0 = Debug|Win32
		{F9B1E13E-8950-4F75-AC2A-AA7BEF15FC7A}.Release|x64.ActiveCfg = Release|x64
		{F9B1E13E-8950-4F75-AC2A-AA7BEF15FC7A}.Release|x64.Build.0 = Release|x64
		{F9B1E13E-8950-4F75-AC2A-AA7BEF15FC7A}.Release|x86.ActiveCfg = Release|Win32
		{F9B1E13E-8950-4F75-AC2A-AA7BEF15FC7A}.Release|x86.Build.0 = Release|Win32
		{FCE92C9A-8F2F-436C-8249-3D6495CF771D}.Debug|x64.ActiveCfg = Debug|x64
		{FCE92C9A-8F2F-436C-8249-3D6495CF771D}.Debug|x64.Build.0 = Debug|x64
		{FCE92C9A-8F2F-436C-8249-3D6495CF771D}.Debug|x86.ActiveCfg = Debug|Win32
		{FCE92C9A-8F2F-436C-8249-3D6495CF771D}.Debug|x86.Build.0 = Debug|Win32
		{FCE92C9A-8F2F-436C-8249-3D6495CF771D}.Release|x64.ActiveCfg = Release|x64
		{FCE92C9A-8F2F-436C-8249-3D6495CF771D}.Release|x64.Build.0 = Release|x64
		{FCE92C9A-8F2F-436C-8249-3D6495CF771D}.Release|x86.ActiveCfg = Release|Win32
		{FCE92C9A-8F2F-436C-8249-3D6495CF771D}.Release|x86.Build.0 = Release|Win32
		{6B4C8C9E-D357-42CE-B83E-825BB0DA51CD}.Debug|x64.ActiveCfg = Debug|x64
		{6B4C8C9E-D357-42CE-B83E-825BB0DA51CD}.Debug|x64.Build.0 = Debug|x64
		{6B4C8C9E-D357-42CE-B83E-825BB0DA51CD}.Debug|x86.ActiveCfg = Debug|Win32
		{6B4C8C9E-D357-42CE-B83E-825BB0DA51CD}.Debug|x86.Build.0 = Debug|Win32
		{6B4C8C9E-D357-42CE-B83E-825BB0DA51CD}.Release|x64.ActiveCfg = Release|x64
		{6B4C8C9E-D357-42CE-B83E-825BB0DA51CD}.Release|x64.Build.0 = Release|x64
		{6B4C8C9E-D357-42CE-B83E-825BB0DA51CD}.Release|x86.ActiveCfg = Release|Win32
		{6B4C8C9E-D357-42CE-B83E-825BB0DA51CD}.Release|x86.Build.0 = Release|Win32
		{4C385AF8-DE06-4F08-92C3-7788451C9C62}.Debug|x64.ActiveCfg = Debug|x64
		{4C385AF8-DE06-4F08-92C3-7788451C9C62}.Debug|x64.Build.0 = Debug|x64
		{4C385AF8-DE06-4F08-92C3-7788451C9C62}.Debug|x86.ActiveCfg = Debug|Win32
		{4C385AF8-DE06-4F08-92C3-7788451C9C62}.Debug|x86.Build.0 = Debug|Win32
		{4C385AF8-DE06-4F08-92C3-7788451C9C62}.Release|x64.ActiveCfg = Release|x64
		{4C385AF8-DE06-4F08-92C3-7788451C9C62}.Release|x64.Build.0 = Release|x64
		{4C385AF8-DE06-4F08-92C3-7788451C9C62}.Release|x86.ActiveCfg = Release|Win32
		{4C385AF8-DE06-4F08-92C3-7788451C9C62}.Release|x86.Build.0 = Release|Win32
	EndGlobalSection
	GlobalSection(SolutionProperties) = preSolution
		HideSolutionNode = FALSE
	EndGlobalSection
	GlobalSection(ExtensibilityGlobals) = postSolution
		SolutionGuid = {EB9AC5C6-425E-4E5A-9F8D-2D0C503FEE9F}
	EndGlobalSection
EndGlobal
